
Microsoft Visual Studio Solution File, Format Version 12.00
# Visual Studio Version 17
VisualStudioVersion = 17.0.32014.148
MinimumVisualStudioVersion = 10.0.40219.1
Project("{9A19103F-16F7-4668-BE54-9A1E7A4F7556}") = "GuitarStore.ApiGateway", "GuitarStore.ApiGateway\GuitarStore.ApiGateway.csproj", "{729DC967-2BDA-40B7-A237-2D953899160E}"
EndProject
Project("{2150E333-8FDC-42A3-9474-1A3956D46DE8}") = "GuitarStore.Customers", "GuitarStore.Customers", "{B86F2B16-1495-44FE-AFD7-A0818CECB69E}"
EndProject
Project("{2150E333-8FDC-42A3-9474-1A3956D46DE8}") = "GuitarStore.Orders", "GuitarStore.Orders", "{613B7BFF-5BEB-4D45-95E4-FF4163363B00}"
EndProject
Project("{2150E333-8FDC-42A3-9474-1A3956D46DE8}") = "GuitarStore.Auth", "GuitarStore.Auth", "{496F9AD7-F8AF-4B4E-AAEA-8BFBB277DCC6}"
EndProject
Project("{2150E333-8FDC-42A3-9474-1A3956D46DE8}") = "GuitarStore.Common", "GuitarStore.Common", "{6FA3B72F-30A3-4CFF-9576-1F95BE7DBDD6}"
EndProject
Project("{9A19103F-16F7-4668-BE54-9A1E7A4F7556}") = "Customers.Domain", "Customers.Domain\Customers.Domain.csproj", "{3C98EDCC-C499-48E9-A805-E4F578446AFD}"
EndProject
Project("{9A19103F-16F7-4668-BE54-9A1E7A4F7556}") = "Customers.Infrastructure", "Customers.Infrastructure\Customers.Infrastructure.csproj", "{8BDFF6AE-E3F8-4873-AC8A-7126C49A7770}"
EndProject
Project("{9A19103F-16F7-4668-BE54-9A1E7A4F7556}") = "Customers.Application", "Customers.Application\Customers.Application.csproj", "{E5B14F72-ECC4-4AEE-AFF9-FBE11B978B9E}"
EndProject
Project("{9A19103F-16F7-4668-BE54-9A1E7A4F7556}") = "Domain", "Domain\Domain.csproj", "{61FA1FA2-FFB7-4DB3-AB20-48AB396606EC}"
EndProject
Project("{9A19103F-16F7-4668-BE54-9A1E7A4F7556}") = "Application", "Application\Application.csproj", "{652170C1-D3BE-4640-A378-439B5309B00A}"
EndProject
Project("{9A19103F-16F7-4668-BE54-9A1E7A4F7556}") = "Infrastructure", "Infrastructure\Infrastructure.csproj", "{857447DA-2051-44EF-9EAD-2148482EF458}"
EndProject
Project("{9A19103F-16F7-4668-BE54-9A1E7A4F7556}") = "Orders.Domain", "Orders.Domain\Orders.Domain.csproj", "{D8063441-B840-4CA4-B162-577AD833F2C8}"
EndProject
Project("{2150E333-8FDC-42A3-9474-1A3956D46DE8}") = "GuitarStore.Catalog", "GuitarStore.Catalog", "{EE06D345-5F37-43FA-A112-133A64F077D7}"
EndProject
Project("{9A19103F-16F7-4668-BE54-9A1E7A4F7556}") = "Catalog.Domain", "Catalog.Domain\Catalog.Domain.csproj", "{B2F41158-54F2-486A-B048-2569F0F96BD1}"
EndProject
Project("{9A19103F-16F7-4668-BE54-9A1E7A4F7556}") = "Catalog.Application", "Catalog.Application\Catalog.Application.csproj", "{DE6FAD59-2F9A-468F-ACBD-8F8F082D5F0D}"
EndProject
Project("{9A19103F-16F7-4668-BE54-9A1E7A4F7556}") = "Catalog.Infrastructure", "Catalog.Infrastructure\Catalog.Infrastructure.csproj", "{4BCF9237-6ABB-4729-8324-CBD826DB76DF}"
EndProject
Project("{9A19103F-16F7-4668-BE54-9A1E7A4F7556}") = "Customers.Tests", "Customers.Tests\Customers.Tests.csproj", "{75316C90-A430-47E6-852B-6D4CC1EF534B}"
EndProject
Project("{FAE04EC0-301F-11D3-BF4B-00C04F79EFBC}") = "Orders.Application", "Orders.Application\Orders.Application.csproj", "{360712D7-2BE4-448F-B208-4FF92B52076C}"
EndProject
Project("{FAE04EC0-301F-11D3-BF4B-00C04F79EFBC}") = "Orders.Infrastructure", "Orders.Infrastructure\Orders.Infrastructure.csproj", "{B3DD7B6B-89FC-4AE3-B2C8-744B86E322E0}"
EndProject
Project("{FAE04EC0-301F-11D3-BF4B-00C04F79EFBC}") = "Customers.Shared", "Customers.Shared\Customers.Shared.csproj", "{39E8D6AE-7A4A-40DB-B8A7-FD82BE3EF99E}"
EndProject
Global
	GlobalSection(SolutionConfigurationPlatforms) = preSolution
		Debug|Any CPU = Debug|Any CPU
		Release|Any CPU = Release|Any CPU
	EndGlobalSection
	GlobalSection(ProjectConfigurationPlatforms) = postSolution
		{729DC967-2BDA-40B7-A237-2D953899160E}.Debug|Any CPU.ActiveCfg = Debug|Any CPU
		{729DC967-2BDA-40B7-A237-2D953899160E}.Debug|Any CPU.Build.0 = Debug|Any CPU
		{729DC967-2BDA-40B7-A237-2D953899160E}.Release|Any CPU.ActiveCfg = Release|Any CPU
		{729DC967-2BDA-40B7-A237-2D953899160E}.Release|Any CPU.Build.0 = Release|Any CPU
		{3C98EDCC-C499-48E9-A805-E4F578446AFD}.Debug|Any CPU.ActiveCfg = Debug|Any CPU
		{3C98EDCC-C499-48E9-A805-E4F578446AFD}.Debug|Any CPU.Build.0 = Debug|Any CPU
		{3C98EDCC-C499-48E9-A805-E4F578446AFD}.Release|Any CPU.ActiveCfg = Release|Any CPU
		{3C98EDCC-C499-48E9-A805-E4F578446AFD}.Release|Any CPU.Build.0 = Release|Any CPU
		{8BDFF6AE-E3F8-4873-AC8A-7126C49A7770}.Debug|Any CPU.ActiveCfg = Debug|Any CPU
		{8BDFF6AE-E3F8-4873-AC8A-7126C49A7770}.Debug|Any CPU.Build.0 = Debug|Any CPU
		{8BDFF6AE-E3F8-4873-AC8A-7126C49A7770}.Release|Any CPU.ActiveCfg = Release|Any CPU
		{8BDFF6AE-E3F8-4873-AC8A-7126C49A7770}.Release|Any CPU.Build.0 = Release|Any CPU
		{E5B14F72-ECC4-4AEE-AFF9-FBE11B978B9E}.Debug|Any CPU.ActiveCfg = Debug|Any CPU
		{E5B14F72-ECC4-4AEE-AFF9-FBE11B978B9E}.Debug|Any CPU.Build.0 = Debug|Any CPU
		{E5B14F72-ECC4-4AEE-AFF9-FBE11B978B9E}.Release|Any CPU.ActiveCfg = Release|Any CPU
		{E5B14F72-ECC4-4AEE-AFF9-FBE11B978B9E}.Release|Any CPU.Build.0 = Release|Any CPU
		{61FA1FA2-FFB7-4DB3-AB20-48AB396606EC}.Debug|Any CPU.ActiveCfg = Debug|Any CPU
		{61FA1FA2-FFB7-4DB3-AB20-48AB396606EC}.Debug|Any CPU.Build.0 = Debug|Any CPU
		{61FA1FA2-FFB7-4DB3-AB20-48AB396606EC}.Release|Any CPU.ActiveCfg = Release|Any CPU
		{61FA1FA2-FFB7-4DB3-AB20-48AB396606EC}.Release|Any CPU.Build.0 = Release|Any CPU
		{652170C1-D3BE-4640-A378-439B5309B00A}.Debug|Any CPU.ActiveCfg = Debug|Any CPU
		{652170C1-D3BE-4640-A378-439B5309B00A}.Debug|Any CPU.Build.0 = Debug|Any CPU
		{652170C1-D3BE-4640-A378-439B5309B00A}.Release|Any CPU.ActiveCfg = Release|Any CPU
		{652170C1-D3BE-4640-A378-439B5309B00A}.Release|Any CPU.Build.0 = Release|Any CPU
		{857447DA-2051-44EF-9EAD-2148482EF458}.Debug|Any CPU.ActiveCfg = Debug|Any CPU
		{857447DA-2051-44EF-9EAD-2148482EF458}.Debug|Any CPU.Build.0 = Debug|Any CPU
		{857447DA-2051-44EF-9EAD-2148482EF458}.Release|Any CPU.ActiveCfg = Release|Any CPU
		{857447DA-2051-44EF-9EAD-2148482EF458}.Release|Any CPU.Build.0 = Release|Any CPU
		{D8063441-B840-4CA4-B162-577AD833F2C8}.Debug|Any CPU.ActiveCfg = Debug|Any CPU
		{D8063441-B840-4CA4-B162-577AD833F2C8}.Debug|Any CPU.Build.0 = Debug|Any CPU
		{D8063441-B840-4CA4-B162-577AD833F2C8}.Release|Any CPU.ActiveCfg = Release|Any CPU
		{D8063441-B840-4CA4-B162-577AD833F2C8}.Release|Any CPU.Build.0 = Release|Any CPU
		{B2F41158-54F2-486A-B048-2569F0F96BD1}.Debug|Any CPU.ActiveCfg = Debug|Any CPU
		{B2F41158-54F2-486A-B048-2569F0F96BD1}.Debug|Any CPU.Build.0 = Debug|Any CPU
		{B2F41158-54F2-486A-B048-2569F0F96BD1}.Release|Any CPU.ActiveCfg = Release|Any CPU
		{B2F41158-54F2-486A-B048-2569F0F96BD1}.Release|Any CPU.Build.0 = Release|Any CPU
		{DE6FAD59-2F9A-468F-ACBD-8F8F082D5F0D}.Debug|Any CPU.ActiveCfg = Debug|Any CPU
		{DE6FAD59-2F9A-468F-ACBD-8F8F082D5F0D}.Debug|Any CPU.Build.0 = Debug|Any CPU
		{DE6FAD59-2F9A-468F-ACBD-8F8F082D5F0D}.Release|Any CPU.ActiveCfg = Release|Any CPU
		{DE6FAD59-2F9A-468F-ACBD-8F8F082D5F0D}.Release|Any CPU.Build.0 = Release|Any CPU
		{4BCF9237-6ABB-4729-8324-CBD826DB76DF}.Debug|Any CPU.ActiveCfg = Debug|Any CPU
		{4BCF9237-6ABB-4729-8324-CBD826DB76DF}.Debug|Any CPU.Build.0 = Debug|Any CPU
		{4BCF9237-6ABB-4729-8324-CBD826DB76DF}.Release|Any CPU.ActiveCfg = Release|Any CPU
		{4BCF9237-6ABB-4729-8324-CBD826DB76DF}.Release|Any CPU.Build.0 = Release|Any CPU
		{75316C90-A430-47E6-852B-6D4CC1EF534B}.Debug|Any CPU.ActiveCfg = Debug|Any CPU
		{75316C90-A430-47E6-852B-6D4CC1EF534B}.Debug|Any CPU.Build.0 = Debug|Any CPU
		{75316C90-A430-47E6-852B-6D4CC1EF534B}.Release|Any CPU.ActiveCfg = Release|Any CPU
		{75316C90-A430-47E6-852B-6D4CC1EF534B}.Release|Any CPU.Build.0 = Release|Any CPU
		{360712D7-2BE4-448F-B208-4FF92B52076C}.Debug|Any CPU.ActiveCfg = Debug|Any CPU
		{360712D7-2BE4-448F-B208-4FF92B52076C}.Debug|Any CPU.Build.0 = Debug|Any CPU
		{360712D7-2BE4-448F-B208-4FF92B52076C}.Release|Any CPU.ActiveCfg = Release|Any CPU
		{360712D7-2BE4-448F-B208-4FF92B52076C}.Release|Any CPU.Build.0 = Release|Any CPU
		{B3DD7B6B-89FC-4AE3-B2C8-744B86E322E0}.Debug|Any CPU.ActiveCfg = Debug|Any CPU
		{B3DD7B6B-89FC-4AE3-B2C8-744B86E322E0}.Debug|Any CPU.Build.0 = Debug|Any CPU
		{B3DD7B6B-89FC-4AE3-B2C8-744B86E322E0}.Release|Any CPU.ActiveCfg = Release|Any CPU
		{B3DD7B6B-89FC-4AE3-B2C8-744B86E322E0}.Release|Any CPU.Build.0 = Release|Any CPU
		{39E8D6AE-7A4A-40DB-B8A7-FD82BE3EF99E}.Debug|Any CPU.ActiveCfg = Debug|Any CPU
		{39E8D6AE-7A4A-40DB-B8A7-FD82BE3EF99E}.Debug|Any CPU.Build.0 = Debug|Any CPU
		{39E8D6AE-7A4A-40DB-B8A7-FD82BE3EF99E}.Release|Any CPU.ActiveCfg = Release|Any CPU
		{39E8D6AE-7A4A-40DB-B8A7-FD82BE3EF99E}.Release|Any CPU.Build.0 = Release|Any CPU
	EndGlobalSection
	GlobalSection(SolutionProperties) = preSolution
		HideSolutionNode = FALSE
	EndGlobalSection
	GlobalSection(NestedProjects) = preSolution
		{3C98EDCC-C499-48E9-A805-E4F578446AFD} = {B86F2B16-1495-44FE-AFD7-A0818CECB69E}
		{8BDFF6AE-E3F8-4873-AC8A-7126C49A7770} = {B86F2B16-1495-44FE-AFD7-A0818CECB69E}
		{E5B14F72-ECC4-4AEE-AFF9-FBE11B978B9E} = {B86F2B16-1495-44FE-AFD7-A0818CECB69E}
		{61FA1FA2-FFB7-4DB3-AB20-48AB396606EC} = {6FA3B72F-30A3-4CFF-9576-1F95BE7DBDD6}
		{652170C1-D3BE-4640-A378-439B5309B00A} = {6FA3B72F-30A3-4CFF-9576-1F95BE7DBDD6}
		{857447DA-2051-44EF-9EAD-2148482EF458} = {6FA3B72F-30A3-4CFF-9576-1F95BE7DBDD6}
		{D8063441-B840-4CA4-B162-577AD833F2C8} = {613B7BFF-5BEB-4D45-95E4-FF4163363B00}
		{B2F41158-54F2-486A-B048-2569F0F96BD1} = {EE06D345-5F37-43FA-A112-133A64F077D7}
		{DE6FAD59-2F9A-468F-ACBD-8F8F082D5F0D} = {EE06D345-5F37-43FA-A112-133A64F077D7}
		{4BCF9237-6ABB-4729-8324-CBD826DB76DF} = {EE06D345-5F37-43FA-A112-133A64F077D7}
		{75316C90-A430-47E6-852B-6D4CC1EF534B} = {B86F2B16-1495-44FE-AFD7-A0818CECB69E}
		{360712D7-2BE4-448F-B208-4FF92B52076C} = {613B7BFF-5BEB-4D45-95E4-FF4163363B00}
		{B3DD7B6B-89FC-4AE3-B2C8-744B86E322E0} = {613B7BFF-5BEB-4D45-95E4-FF4163363B00}
		{39E8D6AE-7A4A-40DB-B8A7-FD82BE3EF99E} = {B86F2B16-1495-44FE-AFD7-A0818CECB69E}
	EndGlobalSection
	GlobalSection(ExtensibilityGlobals) = postSolution
		SolutionGuid = {2BF2A121-5428-49C7-9A65-3F937B356484}
	EndGlobalSection
EndGlobal
